{
  "version": 4,
  "terraform_version": "0.12.25",
  "serial": 160,
  "lineage": "efeaaf94-ec2b-a900-b5a3-1bddfce14149",
  "outputs": {
    "instance_public_ips": {
      "value": [
        [
          "150.136.68.19"
        ]
      ],
      "type": [
        "tuple",
        [
          [
            "tuple",
            [
              "string"
            ]
          ]
        ]
      ]
    }
  },
  "resources": [
    {
      "mode": "data",
      "type": "oci_core_instance",
      "name": "sge_instance_pool_instance_singular_datasource",
      "each": "list",
      "provider": "provider.oci",
      "instances": [
        {
          "index_key": 0,
          "schema_version": 0,
          "attributes": {
            "agent_config": [
              {
                "is_management_disabled": false,
                "is_monitoring_disabled": false
              }
            ],
            "availability_domain": "AKdR:US-ASHBURN-AD-2",
            "boot_volume_id": "ocid1.bootvolume.oc1.iad.abuwcljrp5veaauotrwfirjah54vbkzy424nsqfp37woujaekxbjx2xua6qa",
            "compartment_id": "ocid1.compartment.oc1..aaaaaaaacyzdrxs6cv5wtm7sduucj5j354ffqzbdcjxmgwyyk25mcqnvobzq",
            "create_vnic_details": null,
            "dedicated_vm_host_id": null,
            "defined_tags": {
              "Oracle-Tags.CreatedBy": "oguz.pastirmaci@oracle.com",
              "Oracle-Tags.CreatedOn": "2020-05-27T17:44:09.391Z"
            },
            "display_name": "inst-ro0q5-sge-compute-pool-sweet-bear",
            "extended_metadata": null,
            "fault_domain": "FAULT-DOMAIN-1",
            "freeform_tags": {
              "oci:compute:instanceconfiguration": "ocid1.instanceconfiguration.oc1.iad.aaaaaaaai5yzak4d2ui4owengzkaemgmwcaachdlanyhkkk7uk5c2ws4cqbq",
              "oci:compute:instancepool": "ocid1.instancepool.oc1.iad.aaaaaaaafnp4akf2ekmitmtej4bhrw26jxuoj6sv47zgb4refegh3tn7zi7q"
            },
            "hostname_label": "psocs-poc01-nvme-fix",
            "id": "ocid1.instance.oc1.iad.anuwcljrlegfukichewzinra3ivyfdz6fyy4zjlq3x76rbqvb66pr6cc7u7a",
            "image": "ocid1.image.oc1.iad.aaaaaaaayoeggpux24nuq67ukg6ftvmxfy4uzzru53liuz3glunbc7a3jaeq",
            "instance_id": "ocid1.instance.oc1.iad.anuwcljrlegfukichewzinra3ivyfdz6fyy4zjlq3x76rbqvb66pr6cc7u7a",
            "ipxe_script": null,
            "is_pv_encryption_in_transit_enabled": null,
            "launch_mode": "NATIVE",
            "launch_options": [
              {
                "boot_volume_type": "ISCSI",
                "firmware": "UEFI_64",
                "is_consistent_volume_naming_enabled": true,
                "is_pv_encryption_in_transit_enabled": false,
                "network_type": "PARAVIRTUALIZED",
                "remote_data_volume_type": "ISCSI"
              }
            ],
            "metadata": {
              "ssh_authorized_keys": "ssh-rsa AAAAB3NzaC1yc2EAAAADAQABAAABAQDS3ko+fQCBWKLdIywleJJZePK8tB7ySlx3eRxzc/xgv48ido0WjdDvw0zVLy4dZhSxUQAej2IdbzimgeAl1Wi0w/rPfut6v4YFaIskQItzCmdR4teUjvRp1iv+hvZOTOYt/rBMXprA232OvMAYZc1+tJb9H9/p7SLj+KOQ/zAywb820DCr0gebiRNl/5YM42LKceHbFXDhSHgLGiE+pQiJB0KeT0eGSpCNkb2mhjoP6Xg/GBy+ZkyIGr/zJBw0veufv2vRH9RybEQb4iEIAm7K8PUWTmfhbrDwFqX2p9p7iRGoq62WoV6awlr7g1te+X9bQ2PbRx979Kf3hCFjh2FP opastirm@opastirm-mac"
            },
            "preserve_boot_volume": null,
            "private_ip": "10.4.136.78",
            "public_ip": "150.136.21.104",
            "region": "iad",
            "shape": "BM.HPC2.36",
            "shape_config": [
              {
                "gpu_description": "",
                "gpus": 0,
                "local_disk_description": "NVMe SSD Storage",
                "local_disks": 8,
                "local_disks_total_size_in_gbs": 6860.7998046875,
                "max_vnic_attachments": 50,
                "memory_in_gbs": 384,
                "networking_bandwidth_in_gbps": 25,
                "ocpus": 36,
                "processor_description": "3.0 GHz Intel® Xeon® Gold 6154 (Skylake)"
              }
            ],
            "source_details": [
              {
                "boot_volume_size_in_gbs": "47",
                "kms_key_id": "",
                "source_id": "ocid1.image.oc1.iad.aaaaaaaayoeggpux24nuq67ukg6ftvmxfy4uzzru53liuz3glunbc7a3jaeq",
                "source_type": "image"
              }
            ],
            "state": "RUNNING",
            "subnet_id": "ocid1.subnet.oc1.iad.aaaaaaaarzx2l2zhfcnnmxxtqawqpyfggj4vnnxh2roxb6ml3swkvef6245a",
            "system_tags": {},
            "time_created": "2020-05-28 17:30:12.198 +0000 UTC",
            "time_maintenance_reboot_due": null
          }
        }
      ]
    },
    {
      "mode": "data",
      "type": "oci_core_instance_configuration",
      "name": "sge_instance_configuration_datasource",
      "provider": "provider.oci",
      "instances": [
        {
          "schema_version": 0,
          "attributes": {
            "compartment_id": "ocid1.compartment.oc1..aaaaaaaacyzdrxs6cv5wtm7sduucj5j354ffqzbdcjxmgwyyk25mcqnvobzq",
            "deferred_fields": [
              "instanceDetails.launchDetails.availabilityDomain",
              "instanceDetails.launchDetails.createVnicDetails.subnetId"
            ],
            "defined_tags": {
              "Oracle-Tags.CreatedBy": "oguz.pastirmaci@oracle.com",
              "Oracle-Tags.CreatedOn": "2020-05-27T18:04:46.578Z"
            },
            "display_name": "psocs-poc01-nvme-fix",
            "freeform_tags": {},
            "id": "ocid1.instanceconfiguration.oc1.iad.aaaaaaaai5yzak4d2ui4owengzkaemgmwcaachdlanyhkkk7uk5c2ws4cqbq",
            "instance_configuration_id": "ocid1.instanceconfiguration.oc1.iad.aaaaaaaai5yzak4d2ui4owengzkaemgmwcaachdlanyhkkk7uk5c2ws4cqbq",
            "instance_details": [
              {
                "block_volumes": [],
                "instance_type": "compute",
                "launch_details": [
                  {
                    "agent_config": [
                      {
                        "is_management_disabled": false,
                        "is_monitoring_disabled": false
                      }
                    ],
                    "availability_domain": "",
                    "compartment_id": "ocid1.compartment.oc1..aaaaaaaacyzdrxs6cv5wtm7sduucj5j354ffqzbdcjxmgwyyk25mcqnvobzq",
                    "create_vnic_details": [
                      {
                        "assign_public_ip": true,
                        "defined_tags": {
                          "Oracle-Tags.CreatedBy": "oguz.pastirmaci@oracle.com",
                          "Oracle-Tags.CreatedOn": "2020-05-27T17:44:09.713Z"
                        },
                        "display_name": "psocs-poc01-nvme-fix",
                        "freeform_tags": {},
                        "hostname_label": "",
                        "nsg_ids": [],
                        "private_ip": "",
                        "skip_source_dest_check": false,
                        "subnet_id": ""
                      }
                    ],
                    "dedicated_vm_host_id": "",
                    "defined_tags": {
                      "Oracle-Tags.CreatedBy": "oguz.pastirmaci@oracle.com",
                      "Oracle-Tags.CreatedOn": "2020-05-27T17:44:09.391Z"
                    },
                    "display_name": "psocs-poc01-nvme-fix",
                    "extended_metadata": {},
                    "fault_domain": "",
                    "freeform_tags": {},
                    "ipxe_script": "",
                    "is_pv_encryption_in_transit_enabled": false,
                    "launch_mode": "NATIVE",
                    "launch_options": [
                      {
                        "boot_volume_type": "",
                        "firmware": "",
                        "is_consistent_volume_naming_enabled": false,
                        "is_pv_encryption_in_transit_enabled": false,
                        "network_type": "PARAVIRTUALIZED",
                        "remote_data_volume_type": ""
                      }
                    ],
                    "metadata": {
                      "ssh_authorized_keys": "ssh-rsa AAAAB3NzaC1yc2EAAAADAQABAAABAQDS3ko+fQCBWKLdIywleJJZePK8tB7ySlx3eRxzc/xgv48ido0WjdDvw0zVLy4dZhSxUQAej2IdbzimgeAl1Wi0w/rPfut6v4YFaIskQItzCmdR4teUjvRp1iv+hvZOTOYt/rBMXprA232OvMAYZc1+tJb9H9/p7SLj+KOQ/zAywb820DCr0gebiRNl/5YM42LKceHbFXDhSHgLGiE+pQiJB0KeT0eGSpCNkb2mhjoP6Xg/GBy+ZkyIGr/zJBw0veufv2vRH9RybEQb4iEIAm7K8PUWTmfhbrDwFqX2p9p7iRGoq62WoV6awlr7g1te+X9bQ2PbRx979Kf3hCFjh2FP opastirm@opastirm-mac"
                    },
                    "preferred_maintenance_action": "REBOOT",
                    "shape": "BM.HPC2.36",
                    "shape_config": [
                      {
                        "ocpus": 36
                      }
                    ],
                    "source_details": [
                      {
                        "boot_volume_id": "",
                        "boot_volume_size_in_gbs": "",
                        "image_id": "ocid1.image.oc1.iad.aaaaaaaayoeggpux24nuq67ukg6ftvmxfy4uzzru53liuz3glunbc7a3jaeq",
                        "source_type": "image"
                      }
                    ]
                  }
                ],
                "secondary_vnics": []
              }
            ],
            "instance_id": null,
            "source": null,
            "time_created": "2020-05-27 18:04:47.983 +0000 UTC"
          }
        }
      ]
    },
    {
      "mode": "data",
      "type": "oci_core_instance_configurations",
      "name": "sge_instance_configurations_datasource",
      "provider": "provider.oci",
      "instances": [
        {
          "schema_version": 0,
          "attributes": {
            "compartment_id": "ocid1.compartment.oc1..aaaaaaaacyzdrxs6cv5wtm7sduucj5j354ffqzbdcjxmgwyyk25mcqnvobzq",
            "filter": [
              {
                "name": "id",
                "regex": false,
                "values": [
                  "ocid1.instanceconfiguration.oc1.iad.aaaaaaaai5yzak4d2ui4owengzkaemgmwcaachdlanyhkkk7uk5c2ws4cqbq"
                ]
              }
            ],
            "id": "2020-05-28 17:29:38.257432 +0000 UTC",
            "instance_configurations": [
              {
                "compartment_id": "ocid1.compartment.oc1..aaaaaaaacyzdrxs6cv5wtm7sduucj5j354ffqzbdcjxmgwyyk25mcqnvobzq",
                "deferred_fields": [],
                "defined_tags": {
                  "Oracle-Tags.CreatedBy": "oguz.pastirmaci@oracle.com",
                  "Oracle-Tags.CreatedOn": "2020-05-27T18:04:46.578Z"
                },
                "display_name": "psocs-poc01-nvme-fix",
                "freeform_tags": {},
                "id": "ocid1.instanceconfiguration.oc1.iad.aaaaaaaai5yzak4d2ui4owengzkaemgmwcaachdlanyhkkk7uk5c2ws4cqbq",
                "instance_details": [],
                "instance_id": "",
                "source": "",
                "time_created": "2020-05-27 18:04:47.983 +0000 UTC"
              }
            ]
          }
        }
      ]
    },
    {
      "mode": "data",
      "type": "oci_core_instance_pool",
      "name": "sge_instance_pool_datasource",
      "provider": "provider.oci",
      "instances": [
        {
          "schema_version": 0,
          "attributes": {
            "actual_size": null,
            "compartment_id": "ocid1.compartment.oc1..aaaaaaaacyzdrxs6cv5wtm7sduucj5j354ffqzbdcjxmgwyyk25mcqnvobzq",
            "defined_tags": {
              "Oracle-Tags.CreatedBy": "oguz.pastirmaci@oracle.com",
              "Oracle-Tags.CreatedOn": "2020-05-28T17:29:39.754Z"
            },
            "display_name": "sge-compute-pool-sweet-bear",
            "freeform_tags": {},
            "id": "ocid1.instancepool.oc1.iad.aaaaaaaafnp4akf2ekmitmtej4bhrw26jxuoj6sv47zgb4refegh3tn7zi7q",
            "instance_configuration_id": "ocid1.instanceconfiguration.oc1.iad.aaaaaaaai5yzak4d2ui4owengzkaemgmwcaachdlanyhkkk7uk5c2ws4cqbq",
            "instance_pool_id": "ocid1.instancepool.oc1.iad.aaaaaaaafnp4akf2ekmitmtej4bhrw26jxuoj6sv47zgb4refegh3tn7zi7q",
            "load_balancers": [],
            "placement_configurations": [
              {
                "availability_domain": "AKdR:US-ASHBURN-AD-2",
                "fault_domains": [],
                "primary_subnet_id": "ocid1.subnet.oc1.iad.aaaaaaaarzx2l2zhfcnnmxxtqawqpyfggj4vnnxh2roxb6ml3swkvef6245a",
                "secondary_vnic_subnets": []
              }
            ],
            "size": 1,
            "state": "RUNNING",
            "time_created": "2020-05-28 17:29:40.785 +0000 UTC"
          }
        }
      ]
    },
    {
      "mode": "data",
      "type": "oci_core_instance_pool_instances",
      "name": "sge_instance_pool_instances_datasource",
      "provider": "provider.oci",
      "instances": [
        {
          "schema_version": 0,
          "attributes": {
            "compartment_id": "ocid1.compartment.oc1..aaaaaaaacyzdrxs6cv5wtm7sduucj5j354ffqzbdcjxmgwyyk25mcqnvobzq",
            "display_name": "sge-compute-pool-sweet-bear",
            "filter": null,
            "id": "2020-05-28 17:33:52.703669 +0000 UTC",
            "instance_pool_id": "ocid1.instancepool.oc1.iad.aaaaaaaafnp4akf2ekmitmtej4bhrw26jxuoj6sv47zgb4refegh3tn7zi7q",
            "instances": [
              {
                "availability_domain": "AKdR:US-ASHBURN-AD-2",
                "compartment_id": "ocid1.compartment.oc1..aaaaaaaacyzdrxs6cv5wtm7sduucj5j354ffqzbdcjxmgwyyk25mcqnvobzq",
                "display_name": "inst-ro0q5-sge-compute-pool-sweet-bear",
                "fault_domain": "FAULT-DOMAIN-1",
                "id": "ocid1.instance.oc1.iad.anuwcljrlegfukichewzinra3ivyfdz6fyy4zjlq3x76rbqvb66pr6cc7u7a",
                "instance_configuration_id": "ocid1.instanceconfiguration.oc1.iad.aaaaaaaai5yzak4d2ui4owengzkaemgmwcaachdlanyhkkk7uk5c2ws4cqbq",
                "load_balancer_backends": [],
                "region": "iad",
                "shape": "BM.HPC2.36",
                "state": "Running",
                "time_created": "2020-05-28 17:30:13.146 +0000 UTC"
              }
            ]
          }
        }
      ]
    },
    {
      "mode": "data",
      "type": "oci_core_instance_pools",
      "name": "sge_instance_pools_datasource",
      "provider": "provider.oci",
      "instances": [
        {
          "schema_version": 0,
          "attributes": {
            "compartment_id": "ocid1.compartment.oc1..aaaaaaaacyzdrxs6cv5wtm7sduucj5j354ffqzbdcjxmgwyyk25mcqnvobzq",
            "display_name": "sge-compute-pool-sweet-bear",
            "filter": [
              {
                "name": "id",
                "regex": false,
                "values": [
                  "ocid1.instancepool.oc1.iad.aaaaaaaafnp4akf2ekmitmtej4bhrw26jxuoj6sv47zgb4refegh3tn7zi7q"
                ]
              }
            ],
            "id": "2020-05-28 17:33:51.772228 +0000 UTC",
            "instance_pools": [
              {
                "actual_size": 1,
                "compartment_id": "ocid1.compartment.oc1..aaaaaaaacyzdrxs6cv5wtm7sduucj5j354ffqzbdcjxmgwyyk25mcqnvobzq",
                "defined_tags": {
                  "Oracle-Tags.CreatedBy": "oguz.pastirmaci@oracle.com",
                  "Oracle-Tags.CreatedOn": "2020-05-28T17:29:39.754Z"
                },
                "display_name": "sge-compute-pool-sweet-bear",
                "freeform_tags": {},
                "id": "ocid1.instancepool.oc1.iad.aaaaaaaafnp4akf2ekmitmtej4bhrw26jxuoj6sv47zgb4refegh3tn7zi7q",
                "instance_configuration_id": "ocid1.instanceconfiguration.oc1.iad.aaaaaaaai5yzak4d2ui4owengzkaemgmwcaachdlanyhkkk7uk5c2ws4cqbq",
                "load_balancers": [],
                "placement_configurations": [],
                "size": 1,
                "state": "RUNNING",
                "time_created": "2020-05-28 17:29:40.785 +0000 UTC"
              }
            ],
            "state": "RUNNING"
          }
        }
      ]
    },
    {
      "mode": "data",
      "type": "oci_identity_availability_domain",
      "name": "ad",
      "provider": "provider.oci",
      "instances": [
        {
          "schema_version": 0,
          "attributes": {
            "ad_number": 2,
            "compartment_id": "ocid1.tenancy.oc1..aaaaaaaahogedsp75fwndzwhhp5r5vicihrmctvuouacd7vimdx3lkvcs3da",
            "id": "ocid1.availabilitydomain.oc1..aaaaaaaauvt2n7pijol7uqgdnnsoojcukrijtmcltvfwxazmitk235wyohta",
            "name": "AKdR:US-ASHBURN-AD-2"
          }
        }
      ]
    },
    {
      "mode": "managed",
      "type": "oci_core_instance",
      "name": "sge_master",
      "provider": "provider.oci",
      "instances": [
        {
          "schema_version": 0,
          "attributes": {
            "agent_config": [
              {
                "is_management_disabled": false,
                "is_monitoring_disabled": false
              }
            ],
            "availability_domain": "AKdR:US-ASHBURN-AD-2",
            "boot_volume_id": "ocid1.bootvolume.oc1.iad.abuwcljrhc6cmumzcwthybbnaysawbzs6hzh2fj6lsed6mf2v46h32pqesrq",
            "compartment_id": "ocid1.compartment.oc1..aaaaaaaacyzdrxs6cv5wtm7sduucj5j354ffqzbdcjxmgwyyk25mcqnvobzq",
            "create_vnic_details": [
              {
                "assign_public_ip": "true",
                "defined_tags": {
                  "Oracle-Tags.CreatedBy": "oguz.pastirmaci@oracle.com",
                  "Oracle-Tags.CreatedOn": "2020-05-28T17:33:54.556Z"
                },
                "display_name": "PrimaryVnic",
                "freeform_tags": {},
                "hostname_label": "sge-master-sweet-bear",
                "nsg_ids": null,
                "private_ip": "10.4.136.79",
                "skip_source_dest_check": false,
                "subnet_id": "ocid1.subnet.oc1.iad.aaaaaaaarzx2l2zhfcnnmxxtqawqpyfggj4vnnxh2roxb6ml3swkvef6245a"
              }
            ],
            "dedicated_vm_host_id": null,
            "defined_tags": {
              "Oracle-Tags.CreatedBy": "oguz.pastirmaci@oracle.com",
              "Oracle-Tags.CreatedOn": "2020-05-28T17:33:54.246Z"
            },
            "display_name": "sge-master-sweet-bear",
            "extended_metadata": null,
            "fault_domain": "FAULT-DOMAIN-2",
            "freeform_tags": {},
            "hostname_label": "sge-master-sweet-bear",
            "id": "ocid1.instance.oc1.iad.anuwcljrlegfukicxmqjp2jlnq5gre4zhdbagsaaal3af4c5lswuhbwxrjbq",
            "image": "ocid1.image.oc1.iad.aaaaaaaao5wye53xhp4vvan3nkpcltuvzj552ahqmtgkwuqcpyxc5jeifwta",
            "ipxe_script": null,
            "is_pv_encryption_in_transit_enabled": null,
            "launch_mode": "NATIVE",
            "launch_options": [
              {
                "boot_volume_type": "PARAVIRTUALIZED",
                "firmware": "UEFI_64",
                "is_consistent_volume_naming_enabled": true,
                "is_pv_encryption_in_transit_enabled": false,
                "network_type": "PARAVIRTUALIZED",
                "remote_data_volume_type": "PARAVIRTUALIZED"
              }
            ],
            "metadata": {
              "ssh_authorized_keys": "ssh-rsa AAAAB3NzaC1yc2EAAAADAQABAAABAQDS3ko+fQCBWKLdIywleJJZePK8tB7ySlx3eRxzc/xgv48ido0WjdDvw0zVLy4dZhSxUQAej2IdbzimgeAl1Wi0w/rPfut6v4YFaIskQItzCmdR4teUjvRp1iv+hvZOTOYt/rBMXprA232OvMAYZc1+tJb9H9/p7SLj+KOQ/zAywb820DCr0gebiRNl/5YM42LKceHbFXDhSHgLGiE+pQiJB0KeT0eGSpCNkb2mhjoP6Xg/GBy+ZkyIGr/zJBw0veufv2vRH9RybEQb4iEIAm7K8PUWTmfhbrDwFqX2p9p7iRGoq62WoV6awlr7g1te+X9bQ2PbRx979Kf3hCFjh2FP opastirm@opastirm-mac",
              "user_data": "IyEvYmluL2Jhc2gKCnNldCAteAoKbWtkaXIgLXAgL2hvbWUvc2dlYWRtaW4vb2Npc2dlL3N3ZWV0LWJlYXIve3NjcmlwdHMsbG9nc30KY2hvd24gLVIgc2dlYWRtaW4gL2hvbWUvc2dlYWRtaW4vb2Npc2dlL3N3ZWV0LWJlYXIKCmNhdCA8PCAnRU9GJyA+IC9ob21lL3NnZWFkbWluL29jaXNnZS9zd2VldC1iZWFyL3NjcmlwdHMvaW5mby5zaAojIFVzZSBpbnN0YW5jZSBwcmluY2lwYWxzIGZvciBPQ0kgQ0xJIGF1dGhlbnRpY2F0aW9uCmV4cG9ydCBPQ0lfQ0xJX0xPQ0FUSU9OPS9ob21lL3NnZWFkbWluL2Jpbi9vY2kKI2V4cG9ydCBPQ0lfQ0xJX0FVVEg9aW5zdGFuY2VfcHJpbmNpcGFsCmV4cG9ydCBTR0VfQURNSU49c2dlYWRtaW4KCiMgQ2x1c3RlciBpbmZvIHBvcHVsYXRlZCBieSBUZXJyYWZvcm0KZXhwb3J0IENPTVBBUlRNRU5UX0lEPW9jaWQxLmNvbXBhcnRtZW50Lm9jMS4uYWFhYWFhYWFjeXpkcnhzNmN2NXd0bTdzZHV1Y2o1ajM1NGZmcXpiZGNqeG1nd3l5azI1bWNxbnZvYnpxCmV4cG9ydCBTVUJORVRfSUQ9b2NpZDEuc3VibmV0Lm9jMS5pYWQuYWFhYWFhYWFyengybDJ6aGZjbm5teHh0cWF3cXB5ZmdnajR2bm54aDJyb3hiNm1sM3N3a3ZlZjYyNDVhCmV4cG9ydCBSRUdJT049dXMtYXNoYnVybi0xCmV4cG9ydCBJTlNUQU5DRV9QT09MX0lEPW9jaWQxLmluc3RhbmNlcG9vbC5vYzEuaWFkLmFhYWFhYWFhZm5wNGFrZjJla21pdG10ZWo0YmhydzI2anh1b2o2c3Y0N3pnYjRyZWZlZ2gzdG43emk3cQpleHBvcnQgQ0xVU1RFUl9QT1NURklYPXN3ZWV0LWJlYXIKZXhwb3J0IENMVVNURVJfSU5JVElBTF9TSVpFPTEKZXhwb3J0IENMVVNURVJfTUlOX1NJWkU9MQpleHBvcnQgQ0xVU1RFUl9NQVhfU0laRT02CmV4cG9ydCBMT0NBTF9TUE9PTF9ESVI9L252bWUvc2dlL3Nwb29sCmV4cG9ydCBTR0VfUk9PVD0vdG9vbHMvZ3JpZGVuZ2luZS91Z2UKZXhwb3J0IENPTkZJR19GSUxFPS9ob21lL3NnZWFkbWluL3VnZV9jb25maWd1cmF0aW9uLmNvbmYKZXhwb3J0IFNDQUxJTkdfQ09PTERPV05fSU5fU0VDT05EUz0zMDAKZXhwb3J0IFNDQUxJTkdfTE9HPS9ob21lL3NnZWFkbWluL29jaXNnZS9zd2VldC1iZWFyL2xvZ3Mvc2NhbGluZ19oaXN0b3J5LmxvZwpleHBvcnQgQ09NUFVURV9TSEFQRT1CTS5IUEMyLjM2CmV4cG9ydCBDRUxMX05BTUU9c3dlZXQtYmVhcgpFT0YKCmNkIC9ob21lL3NnZWFkbWluL29jaXNnZS9zd2VldC1iZWFyL3NjcmlwdHMKCndnZXQgaHR0cHM6Ly9yYXcuZ2l0aHVidXNlcmNvbnRlbnQuY29tL09ndXpQYXN0aXJtYWNpL3VnZS9tYXN0ZXIvc2NyaXB0cy9kZXBsb3ltZW50L2FkZF9leGVjX2hvc3Quc2gKd2dldCBodHRwczovL3Jhdy5naXRodWJ1c2VyY29udGVudC5jb20vT2d1elBhc3Rpcm1hY2kvdWdlL21hc3Rlci9zY3JpcHRzL2RlcGxveW1lbnQvYXV0b3NjYWxpbmcuc2gKd2dldCBodHRwczovL3Jhdy5naXRodWJ1c2VyY29udGVudC5jb20vT2d1elBhc3Rpcm1hY2kvdWdlL21hc3Rlci9zY3JpcHRzL2RlcGxveW1lbnQvY2x1c3Rlcl9pbml0X21hc3Rlci5zaAp3Z2V0IGh0dHBzOi8vcmF3LmdpdGh1YnVzZXJjb250ZW50LmNvbS9PZ3V6UGFzdGlybWFjaS91Z2UvbWFzdGVyL3NjcmlwdHMvZGVwbG95bWVudC9jbHVzdGVyX2luaXRfZXhlYy5zaAp3Z2V0IGh0dHBzOi8vcmF3LmdpdGh1YnVzZXJjb250ZW50LmNvbS9PZ3V6UGFzdGlybWFjaS91Z2UvbWFzdGVyL3NjcmlwdHMvZGVwbG95bWVudC9yZW1vdmVfZXhlY19ob3N0LnNoCgoKY2htb2QgK3ggKi5zaApjaG93biAtUiBzZ2VhZG1pbiAvaG9tZS9zZ2VhZG1pbi9vY2lzZ2Uvc3dlZXQtYmVhcgoKL2Jpbi9zdSAtYyAiLiAvaG9tZS9zZ2VhZG1pbi9vY2lzZ2Uvc3dlZXQtYmVhci9zY3JpcHRzL2luZm8uc2giIC0gc2dlYWRtaW4KL2Jpbi9zdSAtYyAiL2hvbWUvc2dlYWRtaW4vb2Npc2dlL3N3ZWV0LWJlYXIvc2NyaXB0cy9jbHVzdGVyX2luaXRfbWFzdGVyLnNoID4+IC9ob21lL3NnZWFkbWluL29jaXNnZS9zd2VldC1iZWFyL2xvZ3MvY2x1c3Rlcl9pbml0LmxvZyIgLSBzZ2VhZG1pbgovYmluL3N1IC1jICIvaG9tZS9zZ2VhZG1pbi9vY2lzZ2Uvc3dlZXQtYmVhci9zY3JpcHRzL2NsdXN0ZXJfaW5pdF9leGVjLnNoID4+IC9ob21lL3NnZWFkbWluL29jaXNnZS9zd2VldC1iZWFyL2xvZ3MvY2x1c3Rlcl9pbml0LmxvZyIgLSBzZ2VhZG1pbgovYmluL3N1IC1jICIoY3JvbnRhYiAtdSAyPi9kZXYvbnVsbDsgZWNobyAiKiAqICogKiAqIC9ob21lL3NnZWFkbWluL29jaXNnZS9zd2VldC1iZWFyL3NjcmlwdHMvYXV0b3NjYWxpbmcuc2ggPj4gL2hvbWUvc2dlYWRtaW4vb2Npc2dlL3N3ZWV0LWJlYXIvbG9ncy9hdXRvc2NhbGluZy5sb2ciKSB8IGNyb250YWIgLSIgLSBzZ2VhZG1pbgo="
            },
            "preserve_boot_volume": null,
            "private_ip": "10.4.136.79",
            "public_ip": "150.136.68.19",
            "region": "iad",
            "shape": "VM.Standard2.8",
            "shape_config": [
              {
                "gpu_description": "",
                "gpus": 0,
                "local_disk_description": "",
                "local_disks": 0,
                "local_disks_total_size_in_gbs": 0,
                "max_vnic_attachments": 8,
                "memory_in_gbs": 120,
                "networking_bandwidth_in_gbps": 8.199999809265137,
                "ocpus": 8,
                "processor_description": "2.0 GHz Intel® Xeon® Platinum 8167M (Skylake)"
              }
            ],
            "source_details": [
              {
                "boot_volume_size_in_gbs": "47",
                "kms_key_id": "",
                "source_id": "ocid1.image.oc1.iad.aaaaaaaao5wye53xhp4vvan3nkpcltuvzj552ahqmtgkwuqcpyxc5jeifwta",
                "source_type": "image"
              }
            ],
            "state": "RUNNING",
            "subnet_id": "ocid1.subnet.oc1.iad.aaaaaaaarzx2l2zhfcnnmxxtqawqpyfggj4vnnxh2roxb6ml3swkvef6245a",
            "system_tags": {},
            "time_created": "2020-05-28 17:33:55.483 +0000 UTC",
            "time_maintenance_reboot_due": "",
            "timeouts": null
          },
          "private": "eyJlMmJmYjczMC1lY2FhLTExZTYtOGY4OC0zNDM2M2JjN2M0YzAiOnsiY3JlYXRlIjo3MjAwMDAwMDAwMDAwLCJkZWxldGUiOjcyMDAwMDAwMDAwMDAsInVwZGF0ZSI6NzIwMDAwMDAwMDAwMH19",
          "dependencies": [
            "oci_core_instance_pool.sge_instance_pool",
            "random_pet.server"
          ]
        }
      ]
    },
    {
      "mode": "managed",
      "type": "oci_core_instance_pool",
      "name": "sge_instance_pool",
      "provider": "provider.oci",
      "instances": [
        {
          "schema_version": 0,
          "attributes": {
            "actual_size": 1,
            "compartment_id": "ocid1.compartment.oc1..aaaaaaaacyzdrxs6cv5wtm7sduucj5j354ffqzbdcjxmgwyyk25mcqnvobzq",
            "defined_tags": {
              "Oracle-Tags.CreatedBy": "oguz.pastirmaci@oracle.com",
              "Oracle-Tags.CreatedOn": "2020-05-28T17:29:39.754Z"
            },
            "display_name": "sge-compute-pool-sweet-bear",
            "freeform_tags": {},
            "id": "ocid1.instancepool.oc1.iad.aaaaaaaafnp4akf2ekmitmtej4bhrw26jxuoj6sv47zgb4refegh3tn7zi7q",
            "instance_configuration_id": "ocid1.instanceconfiguration.oc1.iad.aaaaaaaai5yzak4d2ui4owengzkaemgmwcaachdlanyhkkk7uk5c2ws4cqbq",
            "load_balancers": [],
            "placement_configurations": [
              {
                "availability_domain": "AKdR:US-ASHBURN-AD-2",
                "fault_domains": [],
                "primary_subnet_id": "ocid1.subnet.oc1.iad.aaaaaaaarzx2l2zhfcnnmxxtqawqpyfggj4vnnxh2roxb6ml3swkvef6245a",
                "secondary_vnic_subnets": []
              }
            ],
            "size": 1,
            "state": "RUNNING",
            "time_created": "2020-05-28 17:29:40.785 +0000 UTC",
            "timeouts": null
          },
          "private": "eyJlMmJmYjczMC1lY2FhLTExZTYtOGY4OC0zNDM2M2JjN2M0YzAiOnsiY3JlYXRlIjo5MDAwMDAwMDAwMDAsImRlbGV0ZSI6OTAwMDAwMDAwMDAwLCJ1cGRhdGUiOjkwMDAwMDAwMDAwMH19",
          "dependencies": [
            "random_pet.server"
          ]
        }
      ]
    },
    {
      "mode": "managed",
      "type": "random_pet",
      "name": "server",
      "provider": "provider.random",
      "instances": [
        {
          "schema_version": 0,
          "attributes": {
            "id": "sweet-bear",
            "keepers": null,
            "length": 2,
            "prefix": null,
            "separator": "-"
          },
          "private": "bnVsbA=="
        }
      ]
    }
  ]
}
